{
  "name": "nats-test",
  "version": "1.0.0",
  "lockfileVersion": 1,
  "requires": true,
  "dependencies": {
    "centra": {
      "version": "2.4.0",
      "resolved": "https://registry.npmjs.org/centra/-/centra-2.4.0.tgz",
      "integrity": "sha512-AWmF3EHNe/noJHviynZOrdnUuQzT5AMgl9nJPXGvnzGXrI2ZvNDrEcdqskc4EtQwt2Q1IggXb0OXy7zZ1Xvvew=="
    },
    "double-ended-queue": {
      "version": "2.1.0-0",
      "resolved": "https://registry.npmjs.org/double-ended-queue/-/double-ended-queue-2.1.0-0.tgz",
      "integrity": "sha1-ED01J/0xUo9AGIEwyEHv3XgmTlw="
    },
    "nats": {
      "version": "1.3.0",
      "resolved": "https://registry.npmjs.org/nats/-/nats-1.3.0.tgz",
      "integrity": "sha512-0Rbtl0WV5kXLcZlE5fbX06/YwVzvx9Ui5xaIsVH6rzRGu7FRUAHxueaZBPHIN3M82s3N4bbkSwghYipgcsIgbA==",
      "requires": {
        "nuid": "^1.0.0",
        "ts-nkeys": "^1.0.8"
      }
    },
    "nuid": {
      "version": "1.1.0",
      "resolved": "https://registry.npmjs.org/nuid/-/nuid-1.1.0.tgz",
      "integrity": "sha512-C/JdZ6PtCqKsCEs4ni76nhBsdmuQgLAT/CTLNprkcLViDAnkk7qx5sSA8PVC2vmSsdBlSsFuGb52v6pwn1oaeg=="
    },
    "phin": {
      "version": "3.4.0",
      "resolved": "https://registry.npmjs.org/phin/-/phin-3.4.0.tgz",
      "integrity": "sha512-wueoW9X6HbzBN4AqV3Etv9kkgYyaObwPTsIYsUEmgDWiLI6SzYozEsOZ5e3Hd/9H0mrIUbqUuvOTA6SCqErJrQ==",
      "requires": {
        "centra": "^2.2.1"
      }
    },
    "redis": {
      "version": "2.8.0",
      "resolved": "https://registry.npmjs.org/redis/-/redis-2.8.0.tgz",
      "integrity": "sha512-M1OkonEQwtRmZv4tEWF2VgpG0JWJ8Fv1PhlgT5+B+uNq2cA3Rt1Yt/ryoR+vQNOQcIEgdCdfH0jr3bDpihAw1A==",
      "requires": {
        "double-ended-queue": "^2.1.0-0",
        "redis-commands": "^1.2.0",
        "redis-parser": "^2.6.0"
      }
    },
    "redis-commands": {
      "version": "1.5.0",
      "resolved": "https://registry.npmjs.org/redis-commands/-/redis-commands-1.5.0.tgz",
      "integrity": "sha512-6KxamqpZ468MeQC3bkWmCB1fp56XL64D4Kf0zJSwDZbVLLm7KFkoIcHrgRvQ+sk8dnhySs7+yBg94yIkAK7aJg=="
    },
    "redis-parser": {
      "version": "2.6.0",
      "resolved": "https://registry.npmjs.org/redis-parser/-/redis-parser-2.6.0.tgz",
      "integrity": "sha1-Uu0J2srBCPGmMcB+m2mUHnoZUEs="
    },
    "stan": {
      "version": "0.2.1",
      "resolved": "https://registry.npmjs.org/stan/-/stan-0.2.1.tgz",
      "integrity": "sha1-84ypXnuCj8yQRGPpKhFsXo+Apcw="
    },
    "ts-nkeys": {
      "version": "1.0.12",
      "resolved": "https://registry.npmjs.org/ts-nkeys/-/ts-nkeys-1.0.12.tgz",
      "integrity": "sha512-5TgA+wbfxTy/9pdSuAhvneuL65KKoI7phonzNQH2UhnorAQAWehUwHNLEuli596wu/Fxh0SAhMeKZVLNx4s7Ow==",
      "requires": {
        "tweetnacl": "^1.0.1"
      }
    },
    "tweetnacl": {
      "version": "1.0.1",
      "resolved": "https://registry.npmjs.org/tweetnacl/-/tweetnacl-1.0.1.tgz",
      "integrity": "sha512-kcoMoKTPYnoeS50tzoqjPY3Uv9axeuuFAZY9M/9zFnhoVvRfxz9K29IMPD7jGmt2c8SW7i3gT9WqDl2+nV7p4A=="
    }
  }
}
